{
    "_readme": [
        "This file locks the dependencies of your project to a known state",
        "Read more about it at https://getcomposer.org/doc/01-basic-usage.md#composer-lock-the-lock-file",
        "This file is @generated automatically"
    ],
    "hash": "eec19aa0befbe0a204bc8c4fa87da7f0",
    "content-hash": "9c7294ab2196778da059b796f63bf623",
    "packages": [
        {
            "name": "austinb/gameq",
            "version": "3.0.0-alpha",
            "source": {
                "type": "git",
                "url": "https://github.com/Austinb/GameQ.git",
                "reference": "1833dec3824043bbd72eb151d7565bb032cb1041"
            },
            "dist": {
                "type": "zip",
                "url": "https://api.github.com/repos/Austinb/GameQ/zipball/1833dec3824043bbd72eb151d7565bb032cb1041",
                "reference": "1833dec3824043bbd72eb151d7565bb032cb1041",
                "shasum": ""
            },
            "require": {
                "ext-bz2": "*",
                "php": ">=5.4.14"
            },
            "require-dev": {
                "corneltek/getoptionkit": "~2",
                "ext-curl": "*",
                "phpmd/phpmd": "@stable",
                "phpunit/php-invoker": "*",
                "phpunit/phpunit": "4.5.*@stable",
                "satooshi/php-coveralls": "dev-master",
                "squizlabs/php_codesniffer": "2.2.*@stable"
            },
            "type": "library",
            "autoload": {
                "psr-4": {
                    "GameQ\\": "src/GameQ/"
                }
            },
            "notification-url": "https://packagist.org/downloads/",
            "license": [
                "LGPL-3.0+"
            ],
            "authors": [
                {
                    "name": "Christoph Kretzschmar",
                    "email": "blackskyliner@googlemail.com",
                    "homepage": "https://github.com/Blackskyliner",
                    "role": "Developer"
                },
                {
                    "name": "Austin Bischoff",
                    "email": "austin.bischoff@gmail.com",
                    "homepage": "https://github.com/Austinb",
                    "role": "Packagist/Composer Maintainer, Developer"
                },
                {
                    "name": "Alexander Hambalgo",
                    "homepage": "http://balgo.users.sourceforge.net/",
                    "role": "Developer"
                },
                {
                    "name": "Holger",
                    "homepage": "http://icet33.users.sourceforge.net/",
                    "role": "Developer"
                },
                {
                    "name": "Sebastian Weidenbach",
                    "homepage": "http://sebastianwe.users.sourceforge.net/",
                    "role": "Developer"
                },
                {
                    "name": "Marcel Bößendörfer",
                    "email": "m.boessendoerfer@marbis.net",
                    "homepage": "https://github.com/nitrado",
                    "role": "Developer"
                }
            ],
            "description": "GameQ Gameserver Library",
            "keywords": [
                "gameq",
                "serverstatus"
            ],
            "time": "2015-02-27 03:50:11"
        },
        {
            "name": "hybridauth/hybridauth",
            "version": "v2.6.0",
            "source": {
                "type": "git",
                "url": "https://github.com/hybridauth/hybridauth.git",
                "reference": "45e52d12dccc00d4de25dc534961ab46204a15cf"
            },
            "dist": {
                "type": "zip",
                "url": "https://api.github.com/repos/hybridauth/hybridauth/zipball/45e52d12dccc00d4de25dc534961ab46204a15cf",
                "reference": "45e52d12dccc00d4de25dc534961ab46204a15cf",
                "shasum": ""
            },
            "require": {
                "ext-curl": "*",
                "php": ">=5.2.0"
            },
            "type": "library",
            "autoload": {
                "psr-0": {
                    "Hybrid": "hybridauth/"
                },
                "classmap": [
                    "hybridauth/Hybrid"
                ]
            },
            "notification-url": "https://packagist.org/downloads/",
            "license": [
                "(MIT or GPL-3.0+)"
            ],
            "authors": [
                {
                    "name": "Miled",
                    "email": "hybridauth@gmail.com"
                }
            ],
            "description": "Open source social sign on PHP library.",
            "homepage": "http://hybridauth.sourceforge.net",
            "keywords": [
                "OpenId",
                "facebook",
                "google",
                "hybridauth",
                "login",
                "oauth",
                "social",
                "twitter",
                "yahoo"
            ],
            "time": "2016-01-12 12:19:25"
        },
        {
            "name": "ircmaxell/password-compat",
            "version": "v1.0.4",
            "source": {
                "type": "git",
                "url": "https://github.com/ircmaxell/password_compat.git",
                "reference": "5c5cde8822a69545767f7c7f3058cb15ff84614c"
            },
            "dist": {
                "type": "zip",
                "url": "https://api.github.com/repos/ircmaxell/password_compat/zipball/5c5cde8822a69545767f7c7f3058cb15ff84614c",
                "reference": "5c5cde8822a69545767f7c7f3058cb15ff84614c",
                "shasum": ""
            },
            "require-dev": {
                "phpunit/phpunit": "4.*"
            },
            "type": "library",
            "autoload": {
                "files": [
                    "lib/password.php"
                ]
            },
            "notification-url": "https://packagist.org/downloads/",
            "license": [
                "MIT"
            ],
            "authors": [
                {
                    "name": "Anthony Ferrara",
                    "email": "ircmaxell@php.net",
                    "homepage": "http://blog.ircmaxell.com"
                }
            ],
            "description": "A compatibility library for the proposed simplified password hashing algorithm: https://wiki.php.net/rfc/password_hash",
            "homepage": "https://github.com/ircmaxell/password_compat",
            "keywords": [
                "hashing",
                "password"
            ],
            "time": "2014-11-20 16:49:30"
        },
        {
            "name": "mjohnson/decoda",
            "version": "6.7.1",
            "source": {
                "type": "git",
                "url": "https://github.com/milesj/decoda.git",
                "reference": "14d9aba0b3e00b829193d3291975b69b41e3cd3f"
            },
            "dist": {
                "type": "zip",
                "url": "https://api.github.com/repos/milesj/decoda/zipball/14d9aba0b3e00b829193d3291975b69b41e3cd3f",
                "reference": "14d9aba0b3e00b829193d3291975b69b41e3cd3f",
                "shasum": ""
            },
            "require": {
                "ext-mbstring": "*",
                "php": ">=5.3.0"
            },
            "require-dev": {
                "phpunit/phpunit": "~4.7"
            },
            "type": "library",
            "autoload": {
                "psr-0": {
                    "Decoda": "src/"
                }
            },
            "notification-url": "https://packagist.org/downloads/",
            "license": [
                "MIT"
            ],
            "authors": [
                {
                    "name": "Miles Johnson",
                    "homepage": "http://milesj.me"
                }
            ],
            "description": "A lightweight lexical string parser for BBCode styled markup.",
            "homepage": "http://milesj.me/code/php/decoda",
            "keywords": [
                "HOOK",
                "bbcode",
                "decoda",
                "filter",
                "lexer",
                "markup",
                "parser"
            ],
            "time": "2015-06-14 19:11:51"
        },
        {
            "name": "monstaftp/Monsta-FTP",
            "version": "0.1.0",
            "source": {
                "type": "git",
                "url": "https://github.com/monstaftp/Monsta-FTP.git",
                "reference": "master"
            },
            "type": "library"
        },
        {
            "name": "phpmailer/phpmailer",
            "version": "v5.2.14",
            "source": {
                "type": "git",
                "url": "https://github.com/PHPMailer/PHPMailer.git",
                "reference": "e774bc9152de85547336e22b8926189e582ece95"
            },
            "dist": {
                "type": "zip",
                "url": "https://api.github.com/repos/PHPMailer/PHPMailer/zipball/e774bc9152de85547336e22b8926189e582ece95",
                "reference": "e774bc9152de85547336e22b8926189e582ece95",
                "shasum": ""
            },
            "require": {
                "php": ">=5.0.0"
            },
            "require-dev": {
                "phpdocumentor/phpdocumentor": "*",
                "phpunit/phpunit": "4.7.*"
            },
            "suggest": {
                "league/oauth2-client": "Needed for XOAUTH2 authentication",
                "league/oauth2-google": "Needed for Gmail XOAUTH2"
            },
            "type": "library",
            "autoload": {
                "classmap": [
                    "class.phpmailer.php",
                    "class.phpmaileroauth.php",
                    "class.phpmaileroauthgoogle.php",
                    "class.smtp.php",
                    "class.pop3.php",
                    "extras/EasyPeasyICS.php",
                    "extras/ntlm_sasl_client.php"
                ]
            },
            "notification-url": "https://packagist.org/downloads/",
            "license": [
                "LGPL-2.1"
            ],
            "authors": [
                {
                    "name": "Jim Jagielski",
                    "email": "jimjag@gmail.com"
                },
                {
                    "name": "Marcus Bointon",
                    "email": "phpmailer@synchromedia.co.uk"
                },
                {
                    "name": "Andy Prevost",
                    "email": "codeworxtech@users.sourceforge.net"
                },
                {
                    "name": "Brent R. Matzelle"
                }
            ],
            "description": "PHPMailer is a full-featured email creation and transfer class for PHP",
            "time": "2015-11-01 10:15:28"
        },
        {
            "name": "phpseclib/phpseclib",
            "version": "2.0.1",
            "source": {
                "type": "git",
                "url": "https://github.com/phpseclib/phpseclib.git",
                "reference": "ba6fb78f727cd09f2a649113b95468019e490585"
            },
            "dist": {
                "type": "zip",
                "url": "https://api.github.com/repos/phpseclib/phpseclib/zipball/ba6fb78f727cd09f2a649113b95468019e490585",
                "reference": "ba6fb78f727cd09f2a649113b95468019e490585",
                "shasum": ""
            },
            "require": {
                "php": ">=5.3.3"
            },
            "require-dev": {
                "phing/phing": "~2.7",
                "phpunit/phpunit": "~4.0",
                "sami/sami": "~2.0",
                "squizlabs/php_codesniffer": "~2.0"
            },
            "suggest": {
                "ext-gmp": "Install the GMP (GNU Multiple Precision) extension in order to speed up arbitrary precision integer arithmetic operations.",
                "ext-libsodium": "SSH2/SFTP can make use of some algorithms provided by the libsodium-php extension.",
                "ext-mcrypt": "Install the Mcrypt extension in order to speed up a few other cryptographic operations.",
                "ext-openssl": "Install the OpenSSL extension in order to speed up a wide variety of cryptographic operations."
            },
            "type": "library",
            "autoload": {
                "psr-4": {
                    "phpseclib\\": "phpseclib/"
                }
            },
            "notification-url": "https://packagist.org/downloads/",
            "license": [
                "MIT"
            ],
            "authors": [
                {
                    "name": "Jim Wigginton",
                    "email": "terrafrost@php.net",
                    "role": "Lead Developer"
                },
                {
                    "name": "Patrick Monnerat",
                    "email": "pm@datasphere.ch",
                    "role": "Developer"
                },
                {
                    "name": "Andreas Fischer",
                    "email": "bantu@phpbb.com",
                    "role": "Developer"
                },
                {
                    "name": "Hans-Jürgen Petrich",
                    "email": "petrich@tronic-media.com",
                    "role": "Developer"
                },
                {
                    "name": "Graham Campbell",
                    "email": "graham@alt-three.com",
                    "role": "Developer"
                }
            ],
            "description": "PHP Secure Communications Library - Pure-PHP implementations of RSA, AES, SSH2, SFTP, X.509 etc.",
            "homepage": "http://phpseclib.sourceforge.net",
            "keywords": [
                "BigInteger",
                "aes",
                "asn.1",
                "asn1",
                "blowfish",
                "crypto",
                "cryptography",
                "encryption",
                "rsa",
                "security",
                "sftp",
                "signature",
                "signing",
                "ssh",
                "twofish",
                "x.509",
                "x509"
            ],
            "time": "2016-01-18 17:07:21"
        },
        {
            "name": "smarty/smarty",
            "version": "dev-master",
            "source": {
                "type": "git",
                "url": "https://github.com/smarty-php/smarty.git",
                "reference": "a8d3373f26cc4fb2b86f4ebc71e801e551e9b357"
            },
            "dist": {
                "type": "zip",
                "url": "https://api.github.com/repos/smarty-php/smarty/zipball/3756588858acfe0f3f64c2fd47f5ff3a58728592",
                "reference": "a8d3373f26cc4fb2b86f4ebc71e801e551e9b357",
                "shasum": ""
            },
            "require": {
                "php": ">=5.2"
            },
            "type": "library",
            "extra": {
                "branch-alias": {
                    "dev-master": "3.1.x-dev"
                }
            },
            "autoload": {
                "classmap": [
                    "libs/Smarty.class.php",
                    "libs/SmartyBC.class.php",
                    "libs/sysplugins/"
                ]
            },
            "notification-url": "https://packagist.org/downloads/",
            "license": [
                "LGPL-3.0"
            ],
            "authors": [
                {
                    "name": "Monte Ohrt",
                    "email": "monte@ohrt.com"
                },
                {
                    "name": "Uwe Tews",
                    "email": "uwe.tews@googlemail.com"
                },
                {
                    "name": "Rodney Rehm",
                    "email": "rodney.rehm@medialize.de"
                }
            ],
            "description": "Smarty - the compiling PHP template engine",
            "homepage": "http://www.smarty.net",
            "keywords": [
                "templating"
            ],
            "time": "2016-02-10 03:06:05"
        }
    ],
    "packages-dev": [],
    "aliases": [],
    "minimum-stability": "stable",
    "stability-flags": {
        "smarty/smarty": 20,
        "austinb/gameq": 15
    },
    "prefer-stable": false,
    "prefer-lowest": false,
    "platform": [],
    "platform-dev": []
}
